// !$*UTF8*$!
{
	archiveVersion = 1;
	classes = {
	};
	objectVersion = 77;
	objects = {

/* Begin PBXBuildFile section */
		6B7E10012D00100100B20001 /* EMathicaMathInputCore in Frameworks */ = {isa = PBXBuildFile; productRef = 6B7E10022D00100100B20001 /* EMathicaMathInputCore */; };
		6B7E10112D00100100B20001 /* EMathicaFormulaKeyboardCore in Frameworks */ = {isa = PBXBuildFile; productRef = 6B7E10212D00100100B20001 /* EMathicaFormulaKeyboardCore */; };
		6B7E10122D00100100B20001 /* EMathicaFormulaKeyboardBuiltin in Frameworks */ = {isa = PBXBuildFile; productRef = 6B7E10222D00100100B20001 /* EMathicaFormulaKeyboardBuiltin */; };
		6B7E10132D00100100B20001 /* EMathicaFormulaKeyboardRendering in Frameworks */ = {isa = PBXBuildFile; productRef = 6B7E10232D00100100B20001 /* EMathicaFormulaKeyboardRendering */; };
		6B7E10142D00100100B20001 /* EMathicaFormulaKeyboardSwiftUI in Frameworks */ = {isa = PBXBuildFile; productRef = 6B7E10242D00100100B20001 /* EMathicaFormulaKeyboardSwiftUI */; };
		6B7E10152D00100100B20001 /* EMathicaFormulaDisplayCore in Frameworks */ = {isa = PBXBuildFile; productRef = 6B7E10252D00100100B20001 /* EMathicaFormulaDisplayCore */; };
		6B7E10162D00100100B20001 /* EMathicaFormulaDisplaySwiftUI in Frameworks */ = {isa = PBXBuildFile; productRef = 6B7E10262D00100100B20001 /* EMathicaFormulaDisplaySwiftUI */; };
		6B7E10172D00100100B20001 /* EMathicaThemeKit in Frameworks */ = {isa = PBXBuildFile; productRef = 6B7E10272D00100100B20001 /* EMathicaThemeKit */; };
		6B7E10412D00100100B20001 /* OpenMathInkDatasetCore in Frameworks */ = {isa = PBXBuildFile; productRef = 6B7E10422D00100100B20001 /* OpenMathInkDatasetCore */; };
		6B7E20112D00100100B20001 /* EMathicaMathInputCore in Frameworks */ = {isa = PBXBuildFile; productRef = 6B7E20212D00100100B20001 /* EMathicaMathInputCore */; };
		6B7E20122D00100100B20001 /* EMathicaFormulaKeyboardCore in Frameworks */ = {isa = PBXBuildFile; productRef = 6B7E20222D00100100B20001 /* EMathicaFormulaKeyboardCore */; };
		6B7E20132D00100100B20001 /* EMathicaFormulaKeyboardBuiltin in Frameworks */ = {isa = PBXBuildFile; productRef = 6B7E20232D00100100B20001 /* EMathicaFormulaKeyboardBuiltin */; };
		6B7E20142D00100100B20001 /* EMathicaFormulaKeyboardSwiftUI in Frameworks */ = {isa = PBXBuildFile; productRef = 6B7E20242D00100100B20001 /* EMathicaFormulaKeyboardSwiftUI */; };
		6B7E20152D00100100B20001 /* EMathicaFormulaDisplayCore in Frameworks */ = {isa = PBXBuildFile; productRef = 6B7E20252D00100100B20001 /* EMathicaFormulaDisplayCore */; };
/* End PBXBuildFile section */

/* Begin PBXContainerItemProxy section */
		6B7E200A2D00100100B20001 /* PBXContainerItemProxy */ = {
			isa = PBXContainerItemProxy;
			containerPortal = 3CBDE2EF2FBDAEA1001CAB2E /* Project object */;
			proxyType = 1;
			remoteGlobalIDString = 3CBDE2F62FBDAEA1001CAB2E;
			remoteInfo = OpenMathInkCollector;
		};
/* End PBXContainerItemProxy section */

/* Begin PBXFileReference section */
		3CBDE2F72FBDAEA1001CAB2E /* OpenMathInkCollector.app */ = {isa = PBXFileReference; explicitFileType = wrapper.application; includeInIndex = 0; path = OpenMathInkCollector.app; sourceTree = BUILT_PRODUCTS_DIR; };
		6B7E20012D00100100B20001 /* OpenMathInkCollectorTests.xctest */ = {isa = PBXFileReference; explicitFileType = wrapper.cfbundle; includeInIndex = 0; path = OpenMathInkCollectorTests.xctest; sourceTree = BUILT_PRODUCTS_DIR; };
/* End PBXFileReference section */

/* Begin PBXFileSystemSynchronizedRootGroup section */
		3CBDE2F92FBDAEA1001CAB2E /* OpenMathInkCollector */ = {
			isa = PBXFileSystemSynchronizedRootGroup;
			path = OpenMathInkCollector;
			sourceTree = "<group>";
		};
		6B7E20022D00100100B20001 /* OpenMathInkCollectorTests */ = {
			isa = PBXFileSystemSynchronizedRootGroup;
			path = OpenMathInkCollectorTests;
			sourceTree = "<group>";
		};
/* End PBXFileSystemSynchronizedRootGroup section */

/* Begin PBXFrameworksBuildPhase section */
		3CBDE2F42FBDAEA1001CAB2E /* Frameworks */ = {
			isa = PBXFrameworksBuildPhase;
			buildActionMask = 2147483647;
			files = (
				6B7E10012D00100100B20001 /* EMathicaMathInputCore in Frameworks */,
				6B7E10112D00100100B20001 /* EMathicaFormulaKeyboardCore in Frameworks */,
				6B7E10122D00100100B20001 /* EMathicaFormulaKeyboardBuiltin in Frameworks */,
				6B7E10132D00100100B20001 /* EMathicaFormulaKeyboardRendering in Frameworks */,
				6B7E10142D00100100B20001 /* EMathicaFormulaKeyboardSwiftUI in Frameworks */,
				6B7E10152D00100100B20001 /* EMathicaFormulaDisplayCore in Frameworks */,
				6B7E10162D00100100B20001 /* EMathicaFormulaDisplaySwiftUI in Frameworks */,
				6B7E10172D00100100B20001 /* EMathicaThemeKit in Frameworks */,
				6B7E10412D00100100B20001 /* OpenMathInkDatasetCore in Frameworks */,
			);
			runOnlyForDeploymentPostprocessing = 0;
		};
		6B7E20032D00100100B20001 /* Frameworks */ = {
			isa = PBXFrameworksBuildPhase;
			buildActionMask = 2147483647;
			files = (
				6B7E20112D00100100B20001 /* EMathicaMathInputCore in Frameworks */,
				6B7E20122D00100100B20001 /* EMathicaFormulaKeyboardCore in Frameworks */,
				6B7E20132D00100100B20001 /* EMathicaFormulaKeyboardBuiltin in Frameworks */,
				6B7E20142D00100100B20001 /* EMathicaFormulaKeyboardSwiftUI in Frameworks */,
				6B7E20152D00100100B20001 /* EMathicaFormulaDisplayCore in Frameworks */,
			);
			runOnlyForDeploymentPostprocessing = 0;
		};
/* End PBXFrameworksBuildPhase section */

/* Begin PBXGroup section */
		3CBDE2EE2FBDAEA1001CAB2E = {
			isa = PBXGroup;
			children = (
				3CBDE2F92FBDAEA1001CAB2E /* OpenMathInkCollector */,
				6B7E20022D00100100B20001 /* OpenMathInkCollectorTests */,
				3CBDE2F82FBDAEA1001CAB2E /* Products */,
			);
			sourceTree = "<group>";
		};
		3CBDE2F82FBDAEA1001CAB2E /* Products */ = {
			isa = PBXGroup;
			children = (
				3CBDE2F72FBDAEA1001CAB2E /* OpenMathInkCollector.app */,
				6B7E20012D00100100B20001 /* OpenMathInkCollectorTests.xctest */,
			);
			name = Products;
			sourceTree = "<group>";
		};
/* End PBXGroup section */

/* Begin PBXNativeTarget section */
		3CBDE2F62FBDAEA1001CAB2E /* OpenMathInkCollector */ = {
			isa = PBXNativeTarget;
			buildConfigurationList = 3CBDE31D2FBDAEA3001CAB2E /* Build configuration list for PBXNativeTarget "OpenMathInkCollector" */;
			buildPhases = (
				3CBDE2F32FBDAEA1001CAB2E /* Sources */,
				3CBDE2F42FBDAEA1001CAB2E /* Frameworks */,
				3CBDE2F52FBDAEA1001CAB2E /* Resources */,
			);
			buildRules = (
			);
			dependencies = (
			);
			fileSystemSynchronizedGroups = (
				3CBDE2F92FBDAEA1001CAB2E /* OpenMathInkCollector */,
			);
			name = OpenMathInkCollector;
			packageProductDependencies = (
				6B7E10022D00100100B20001 /* EMathicaMathInputCore */,
				6B7E10212D00100100B20001 /* EMathicaFormulaKeyboardCore */,
				6B7E10222D00100100B20001 /* EMathicaFormulaKeyboardBuiltin */,
				6B7E10232D00100100B20001 /* EMathicaFormulaKeyboardRendering */,
				6B7E10242D00100100B20001 /* EMathicaFormulaKeyboardSwiftUI */,
				6B7E10252D00100100B20001 /* EMathicaFormulaDisplayCore */,
				6B7E10262D00100100B20001 /* EMathicaFormulaDisplaySwiftUI */,
				6B7E10272D00100100B20001 /* EMathicaThemeKit */,
				6B7E10422D00100100B20001 /* OpenMathInkDatasetCore */,
			);
			productName = OpenMathInkCollector;
			productReference = 3CBDE2F72FBDAEA1001CAB2E /* OpenMathInkCollector.app */;
			productType = "com.apple.product-type.application";
		};
		6B7E20062D00100100B20001 /* OpenMathInkCollectorTests */ = {
			isa = PBXNativeTarget;
			buildConfigurationList = 6B7E20092D00100100B20001 /* Build configuration list for PBXNativeTarget "OpenMathInkCollectorTests" */;
			buildPhases = (
				6B7E20052D00100100B20001 /* Sources */,
				6B7E20032D00100100B20001 /* Frameworks */,
				6B7E20042D00100100B20001 /* Resources */,
			);
			buildRules = (
			);
			dependencies = (
				6B7E200B2D00100100B20001 /* PBXTargetDependency */,
			);
			fileSystemSynchronizedGroups = (
				6B7E20022D00100100B20001 /* OpenMathInkCollectorTests */,
			);
			name = OpenMathInkCollectorTests;
			packageProductDependencies = (
				6B7E20212D00100100B20001 /* EMathicaMathInputCore */,
				6B7E20222D00100100B20001 /* EMathicaFormulaKeyboardCore */,
				6B7E20232D00100100B20001 /* EMathicaFormulaKeyboardBuiltin */,
				6B7E20242D00100100B20001 /* EMathicaFormulaKeyboardSwiftUI */,
				6B7E20252D00100100B20001 /* EMathicaFormulaDisplayCore */,
			);
			productName = OpenMathInkCollectorTests;
			productReference = 6B7E20012D00100100B20001 /* OpenMathInkCollectorTests.xctest */;
			productType = "com.apple.product-type.bundle.unit-test";
		};
/* End PBXNativeTarget section */

/* Begin PBXProject section */
		3CBDE2EF2FBDAEA1001CAB2E /* Project object */ = {
			isa = PBXProject;
			attributes = {
				BuildIndependentTargetsInParallel = 1;
				LastSwiftUpdateCheck = 2630;
				LastUpgradeCheck = 2630;
				TargetAttributes = {
					3CBDE2F62FBDAEA1001CAB2E = {
						CreatedOnToolsVersion = 26.3;
					};
					6B7E20062D00100100B20001 = {
						CreatedOnToolsVersion = 26.3;
						TestTargetID = 3CBDE2F62FBDAEA1001CAB2E;
					};
				};
			};
			buildConfigurationList = 3CBDE2F22FBDAEA1001CAB2E /* Build configuration list for PBXProject "OpenMathInkCollector" */;
			developmentRegion = en;
			hasScannedForEncodings = 0;
			knownRegions = (
				en,
				Base,
			);
			mainGroup = 3CBDE2EE2FBDAEA1001CAB2E;
			minimizedProjectReferenceProxies = 1;
			packageReferences = (
				6B7E10032D00100100B20001 /* XCLocalSwiftPackageReference "../../SharedLibraries/EMathicaMathInputKit" */,
				6B7E10312D00100100B20001 /* XCLocalSwiftPackageReference "../../SharedLibraries/EMathicaFormulaKeyboardKit" */,
				6B7E10322D00100100B20001 /* XCLocalSwiftPackageReference "../../SharedLibraries/EMathicaFormulaDisplayKit" */,
				6B7E10332D00100100B20001 /* XCLocalSwiftPackageReference "../../SharedLibraries/EMathicaThemeKit" */,
				6B7E10432D00100100B20001 /* XCLocalSwiftPackageReference "../OpenMathInkDatasetCore" */,
			);
			preferredProjectObjectVersion = 77;
			productRefGroup = 3CBDE2F82FBDAEA1001CAB2E /* Products */;
			projectDirPath = "";
			projectRoot = "";
			targets = (
				3CBDE2F62FBDAEA1001CAB2E /* OpenMathInkCollector */,
				6B7E20062D00100100B20001 /* OpenMathInkCollectorTests */,
			);
		};
/* End PBXProject section */

/* Begin PBXResourcesBuildPhase section */
		3CBDE2F52FBDAEA1001CAB2E /* Resources */ = {
			isa = PBXResourcesBuildPhase;
			buildActionMask = 2147483647;
			files = (
			);
			runOnlyForDeploymentPostprocessing = 0;
		};
		6B7E20042D00100100B20001 /* Resources */ = {
			isa = PBXResourcesBuildPhase;
			buildActionMask = 2147483647;
			files = (
			);
			runOnlyForDeploymentPostprocessing = 0;
		};
/* End PBXResourcesBuildPhase section */

/* Begin PBXSourcesBuildPhase section */
		3CBDE2F32FBDAEA1001CAB2E /* Sources */ = {
			isa = PBXSourcesBuildPhase;
			buildActionMask = 2147483647;
			files = (
			);
			runOnlyForDeploymentPostprocessing = 0;
		};
		6B7E20052D00100100B20001 /* Sources */ = {
			isa = PBXSourcesBuildPhase;
			buildActionMask = 2147483647;
			files = (
			);
			runOnlyForDeploymentPostprocessing = 0;
		};
/* End PBXSourcesBuildPhase section */

/* Begin PBXTargetDependency section */
		6B7E200B2D00100100B20001 /* PBXTargetDependency */ = {
			isa = PBXTargetDependency;
			target = 3CBDE2F62FBDAEA1001CAB2E /* OpenMathInkCollector */;
			targetProxy = 6B7E200A2D00100100B20001 /* PBXContainerItemProxy */;
		};
/* End PBXTargetDependency section */

/* Begin XCBuildConfiguration section */
		3CBDE31B2FBDAEA3001CAB2E /* Debug */ = {
			isa = XCBuildConfiguration;
			buildSettings = {
				ALWAYS_SEARCH_USER_PATHS = NO;
				ASSETCATALOG_COMPILER_GENERATE_SWIFT_ASSET_SYMBOL_EXTENSIONS = YES;
				CLANG_ANALYZER_NONNULL = YES;
				CLANG_ANALYZER_NUMBER_OBJECT_CONVERSION = YES_AGGRESSIVE;
				CLANG_CXX_LANGUAGE_STANDARD = "gnu++20";
				CLANG_ENABLE_MODULES = YES;
				CLANG_ENABLE_OBJC_ARC = YES;
				CLANG_ENABLE_OBJC_WEAK = YES;
				CLANG_WARN_BLOCK_CAPTURE_AUTORELEASING = YES;
				CLANG_WARN_BOOL_CONVERSION = YES;
				CLANG_WARN_COMMA = YES;
				CLANG_WARN_CONSTANT_CONVERSION = YES;
				CLANG_WARN_DEPRECATED_OBJC_IMPLEMENTATIONS = YES;
				CLANG_WARN_DIRECT_OBJC_ISA_USAGE = YES_ERROR;
				CLANG_WARN_DOCUMENTATION_COMMENTS = YES;
				CLANG_WARN_EMPTY_BODY = YES;
				CLANG_WARN_ENUM_CONVERSION = YES;
				CLANG_WARN_INFINITE_RECURSION = YES;
				CLANG_WARN_INT_CONVERSION = YES;
				CLANG_WARN_NON_LITERAL_NULL_CONVERSION = YES;
				CLANG_WARN_OBJC_IMPLICIT_RETAIN_SELF = YES;
				CLANG_WARN_OBJC_LITERAL_CONVERSION = YES;
				CLANG_WARN_OBJC_ROOT_CLASS = YES_ERROR;
				CLANG_WARN_QUOTED_INCLUDE_IN_FRAMEWORK_HEADER = YES;
				CLANG_WARN_RANGE_LOOP_ANALYSIS = YES;
				CLANG_WARN_STRICT_PROTOTYPES = YES;
				CLANG_WARN_SUSPICIOUS_MOVE = YES;
				CLANG_WARN_UNGUARDED_AVAILABILITY = YES_AGGRESSIVE;
				CLANG_WARN_UNREACHABLE_CODE = YES;
				CLANG_WARN__DUPLICATE_METHOD_MATCH = YES;
				COPY_PHASE_STRIP = NO;
				DEBUG_INFORMATION_FORMAT = dwarf;
				DEVELOPMENT_TEAM = T33L2DY7RG;
				ENABLE_STRICT_OBJC_MSGSEND = YES;
				ENABLE_TESTABILITY = YES;
				ENABLE_USER_SCRIPT_SANDBOXING = YES;
				GCC_C_LANGUAGE_STANDARD = gnu17;
				GCC_DYNAMIC_NO_PIC = NO;
				GCC_NO_COMMON_BLOCKS = YES;
				GCC_OPTIMIZATION_LEVEL = 0;
				GCC_PREPROCESSOR_DEFINITIONS = (
					"DEBUG=1",
					"$(inherited)",
				);
				GCC_WARN_64_TO_32_BIT_CONVERSION = YES;
				GCC_WARN_ABOUT_RETURN_TYPE = YES_ERROR;
				GCC_WARN_UNDECLARED_SELECTOR = YES;
				GCC_WARN_UNINITIALIZED_AUTOS = YES_AGGRESSIVE;
				GCC_WARN_UNUSED_FUNCTION = YES;
				GCC_WARN_UNUSED_VARIABLE = YES;
				IPHONEOS_DEPLOYMENT_TARGET = 26.2;
				LOCALIZATION_PREFERS_STRING_CATALOGS = YES;
				MTL_ENABLE_DEBUG_INFO = INCLUDE_SOURCE;
				MTL_FAST_MATH = YES;
				ONLY_ACTIVE_ARCH = YES;
				SDKROOT = iphoneos;
				SWIFT_ACTIVE_COMPILATION_CONDITIONS = "DEBUG $(inherited)";
				SWIFT_OPTIMIZATION_LEVEL = "-Onone";
			};
			name = Debug;
		};
		3CBDE31C2FBDAEA3001CAB2E /* Release */ = {
			isa = XCBuildConfiguration;
			buildSettings = {
				ALWAYS_SEARCH_USER_PATHS = NO;
				ASSETCATALOG_COMPILER_GENERATE_SWIFT_ASSET_SYMBOL_EXTENSIONS = YES;
				CLANG_ANALYZER_NONNULL = YES;
				CLANG_ANALYZER_NUMBER_OBJECT_CONVERSION = YES_AGGRESSIVE;
				CLANG_CXX_LANGUAGE_STANDARD = "gnu++20";
				CLANG_ENABLE_MODULES = YES;
				CLANG_ENABLE_OBJC_ARC = YES;
				CLANG_ENABLE_OBJC_WEAK = YES;
				CLANG_WARN_BLOCK_CAPTURE_AUTORELEASING = YES;
				CLANG_WARN_BOOL_CONVERSION = YES;
				CLANG_WARN_COMMA = YES;
				CLANG_WARN_CONSTANT_CONVERSION = YES;
				CLANG_WARN_DEPRECATED_OBJC_IMPLEMENTATIONS = YES;
				CLANG_WARN_DIRECT_OBJC_ISA_USAGE = YES_ERROR;
				CLANG_WARN_DOCUMENTATION_COMMENTS = YES;
				CLANG_WARN_EMPTY_BODY = YES;
				CLANG_WARN_ENUM_CONVERSION = YES;
				CLANG_WARN_INFINITE_RECURSION = YES;
				CLANG_WARN_INT_CONVERSION = YES;
				CLANG_WARN_NON_LITERAL_NULL_CONVERSION = YES;
				CLANG_WARN_OBJC_IMPLICIT_RETAIN_SELF = YES;
				CLANG_WARN_OBJC_LITERAL_CONVERSION = YES;
				CLANG_WARN_OBJC_ROOT_CLASS = YES_ERROR;
				CLANG_WARN_QUOTED_INCLUDE_IN_FRAMEWORK_HEADER = YES;
				CLANG_WARN_RANGE_LOOP_ANALYSIS = YES;
				CLANG_WARN_STRICT_PROTOTYPES = YES;
				CLANG_WARN_SUSPICIOUS_MOVE = YES;
				CLANG_WARN_UNGUARDED_AVAILABILITY = YES_AGGRESSIVE;
				CLANG_WARN_UNREACHABLE_CODE = YES;
				CLANG_WARN__DUPLICATE_METHOD_MATCH = YES;
				COPY_PHASE_STRIP = NO;
				DEBUG_INFORMATION_FORMAT = "dwarf-with-dsym";
				DEVELOPMENT_TEAM = T33L2DY7RG;
				ENABLE_NS_ASSERTIONS = NO;
				ENABLE_STRICT_OBJC_MSGSEND = YES;
				ENABLE_USER_SCRIPT_SANDBOXING = YES;
				GCC_C_LANGUAGE_STANDARD = gnu17;
				GCC_NO_COMMON_BLOCKS = YES;
				GCC_WARN_64_TO_32_BIT_CONVERSION = YES;
				GCC_WARN_ABOUT_RETURN_TYPE = YES_ERROR;
				GCC_WARN_UNDECLARED_SELECTOR = YES;
				GCC_WARN_UNINITIALIZED_AUTOS = YES_AGGRESSIVE;
				GCC_WARN_UNUSED_FUNCTION = YES;
				GCC_WARN_UNUSED_VARIABLE = YES;
				IPHONEOS_DEPLOYMENT_TARGET = 26.2;
				LOCALIZATION_PREFERS_STRING_CATALOGS = YES;
				MTL_ENABLE_DEBUG_INFO = NO;
				MTL_FAST_MATH = YES;
				SDKROOT = iphoneos;
				SWIFT_COMPILATION_MODE = wholemodule;
				VALIDATE_PRODUCT = YES;
			};
			name = Release;
		};
		3CBDE31E2FBDAEA3001CAB2E /* Debug */ = {
			isa = XCBuildConfiguration;
			buildSettings = {
				ASSETCATALOG_COMPILER_APPICON_NAME = AppIcon;
				ASSETCATALOG_COMPILER_GLOBAL_ACCENT_COLOR_NAME = AccentColor;
				CODE_SIGN_STYLE = Automatic;
				CURRENT_PROJECT_VERSION = 1;
				DEVELOPMENT_TEAM = T33L2DY7RG;
				ENABLE_PREVIEWS = YES;
				GENERATE_INFOPLIST_FILE = YES;
				INFOPLIST_KEY_UIApplicationSceneManifest_Generation = YES;
				INFOPLIST_KEY_UIApplicationSupportsIndirectInputEvents = YES;
				INFOPLIST_KEY_UILaunchScreen_Generation = YES;
				INFOPLIST_KEY_UISupportedInterfaceOrientations_iPad = "UIInterfaceOrientationLandscapeLeft UIInterfaceOrientationLandscapeRight";
				INFOPLIST_KEY_UISupportedInterfaceOrientations_iPhone = "UIInterfaceOrientationLandscapeLeft UIInterfaceOrientationLandscapeRight";
				LD_RUNPATH_SEARCH_PATHS = (
					"$(inherited)",
					"@executable_path/Frameworks",
				);
				MARKETING_VERSION = 1.0;
				PRODUCT_BUNDLE_IDENTIFIER = eMathica.OpenMathInkCollector;
				PRODUCT_NAME = "$(TARGET_NAME)";
				STRING_CATALOG_GENERATE_SYMBOLS = YES;
				SWIFT_APPROACHABLE_CONCURRENCY = YES;
				SWIFT_DEFAULT_ACTOR_ISOLATION = MainActor;
				SWIFT_EMIT_LOC_STRINGS = YES;
				SWIFT_UPCOMING_FEATURE_MEMBER_IMPORT_VISIBILITY = YES;
				SWIFT_VERSION = 5.0;
				TARGETED_DEVICE_FAMILY = "1,2";
			};
			name = Debug;
		};
		3CBDE31F2FBDAEA3001CAB2E /* Release */ = {
			isa = XCBuildConfiguration;
			buildSettings = {
				ASSETCATALOG_COMPILER_APPICON_NAME = AppIcon;
				ASSETCATALOG_COMPILER_GLOBAL_ACCENT_COLOR_NAME = AccentColor;
				CODE_SIGN_STYLE = Automatic;
				CURRENT_PROJECT_VERSION = 1;
				DEVELOPMENT_TEAM = T33L2DY7RG;
				ENABLE_PREVIEWS = YES;
				GENERATE_INFOPLIST_FILE = YES;
				INFOPLIST_KEY_UIApplicationSceneManifest_Generation = YES;
				INFOPLIST_KEY_UIApplicationSupportsIndirectInputEvents = YES;
				INFOPLIST_KEY_UILaunchScreen_Generation = YES;
				INFOPLIST_KEY_UISupportedInterfaceOrientations_iPad = "UIInterfaceOrientationLandscapeLeft UIInterfaceOrientationLandscapeRight";
				INFOPLIST_KEY_UISupportedInterfaceOrientations_iPhone = "UIInterfaceOrientationLandscapeLeft UIInterfaceOrientationLandscapeRight";
				LD_RUNPATH_SEARCH_PATHS = (
					"$(inherited)",
					"@executable_path/Frameworks",
				);
				MARKETING_VERSION = 1.0;
				PRODUCT_BUNDLE_IDENTIFIER = eMathica.OpenMathInkCollector;
				PRODUCT_NAME = "$(TARGET_NAME)";
				STRING_CATALOG_GENERATE_SYMBOLS = YES;
				SWIFT_APPROACHABLE_CONCURRENCY = YES;
				SWIFT_DEFAULT_ACTOR_ISOLATION = MainActor;
				SWIFT_EMIT_LOC_STRINGS = YES;
				SWIFT_UPCOMING_FEATURE_MEMBER_IMPORT_VISIBILITY = YES;
				SWIFT_VERSION = 5.0;
				TARGETED_DEVICE_FAMILY = "1,2";
			};
			name = Release;
		};
		6B7E20072D00100100B20001 /* Debug */ = {
			isa = XCBuildConfiguration;
			buildSettings = {
				BUNDLE_LOADER = "$(TEST_HOST)";
				CODE_SIGN_STYLE = Automatic;
				CURRENT_PROJECT_VERSION = 1;
				DEVELOPMENT_TEAM = T33L2DY7RG;
				GENERATE_INFOPLIST_FILE = YES;
				IPHONEOS_DEPLOYMENT_TARGET = 26.2;
				MARKETING_VERSION = 1.0;
				PRODUCT_BUNDLE_IDENTIFIER = eMathica.OpenMathInkCollectorTests;
				PRODUCT_NAME = "$(TARGET_NAME)";
				STRING_CATALOG_GENERATE_SYMBOLS = YES;
				SWIFT_APPROACHABLE_CONCURRENCY = YES;
				SWIFT_DEFAULT_ACTOR_ISOLATION = MainActor;
				SWIFT_EMIT_LOC_STRINGS = NO;
				SWIFT_UPCOMING_FEATURE_MEMBER_IMPORT_VISIBILITY = YES;
				SWIFT_VERSION = 5.0;
				TARGETED_DEVICE_FAMILY = "1,2";
				TEST_HOST = "$(BUILT_PRODUCTS_DIR)/OpenMathInkCollector.app/$(BUNDLE_EXECUTABLE_FOLDER_PATH)/OpenMathInkCollector";
				TEST_TARGET_NAME = OpenMathInkCollector;
			};
			name = Debug;
		};
		6B7E20082D00100100B20001 /* Release */ = {
			isa = XCBuildConfiguration;
			buildSettings = {
				BUNDLE_LOADER = "$(TEST_HOST)";
				CODE_SIGN_STYLE = Automatic;
				CURRENT_PROJECT_VERSION = 1;
				DEVELOPMENT_TEAM = T33L2DY7RG;
				GENERATE_INFOPLIST_FILE = YES;
				IPHONEOS_DEPLOYMENT_TARGET = 26.2;
				MARKETING_VERSION = 1.0;
				PRODUCT_BUNDLE_IDENTIFIER = eMathica.OpenMathInkCollectorTests;
				PRODUCT_NAME = "$(TARGET_NAME)";
				STRING_CATALOG_GENERATE_SYMBOLS = YES;
				SWIFT_APPROACHABLE_CONCURRENCY = YES;
				SWIFT_DEFAULT_ACTOR_ISOLATION = MainActor;
				SWIFT_EMIT_LOC_STRINGS = NO;
				SWIFT_UPCOMING_FEATURE_MEMBER_IMPORT_VISIBILITY = YES;
				SWIFT_VERSION = 5.0;
				TARGETED_DEVICE_FAMILY = "1,2";
				TEST_HOST = "$(BUILT_PRODUCTS_DIR)/OpenMathInkCollector.app/$(BUNDLE_EXECUTABLE_FOLDER_PATH)/OpenMathInkCollector";
				TEST_TARGET_NAME = OpenMathInkCollector;
			};
			name = Release;
		};
/* End XCBuildConfiguration section */

/* Begin XCConfigurationList section */
		3CBDE2F22FBDAEA1001CAB2E /* Build configuration list for PBXProject "OpenMathInkCollector" */ = {
			isa = XCConfigurationList;
			buildConfigurations = (
				3CBDE31B2FBDAEA3001CAB2E /* Debug */,
				3CBDE31C2FBDAEA3001CAB2E /* Release */,
			);
			defaultConfigurationIsVisible = 0;
			defaultConfigurationName = Release;
		};
		3CBDE31D2FBDAEA3001CAB2E /* Build configuration list for PBXNativeTarget "OpenMathInkCollector" */ = {
			isa = XCConfigurationList;
			buildConfigurations = (
				3CBDE31E2FBDAEA3001CAB2E /* Debug */,
				3CBDE31F2FBDAEA3001CAB2E /* Release */,
			);
			defaultConfigurationIsVisible = 0;
			defaultConfigurationName = Release;
		};
		6B7E20092D00100100B20001 /* Build configuration list for PBXNativeTarget "OpenMathInkCollectorTests" */ = {
			isa = XCConfigurationList;
			buildConfigurations = (
				6B7E20072D00100100B20001 /* Debug */,
				6B7E20082D00100100B20001 /* Release */,
			);
			defaultConfigurationIsVisible = 0;
			defaultConfigurationName = Release;
		};
/* End XCConfigurationList section */

/* Begin XCLocalSwiftPackageReference section */
		6B7E10032D00100100B20001 /* XCLocalSwiftPackageReference "../../SharedLibraries/EMathicaMathInputKit" */ = {
			isa = XCLocalSwiftPackageReference;
			relativePath = ../../SharedLibraries/EMathicaMathInputKit;
		};
		6B7E10312D00100100B20001 /* XCLocalSwiftPackageReference "../../SharedLibraries/EMathicaFormulaKeyboardKit" */ = {
			isa = XCLocalSwiftPackageReference;
			relativePath = ../../SharedLibraries/EMathicaFormulaKeyboardKit;
		};
		6B7E10322D00100100B20001 /* XCLocalSwiftPackageReference "../../SharedLibraries/EMathicaFormulaDisplayKit" */ = {
			isa = XCLocalSwiftPackageReference;
			relativePath = ../../SharedLibraries/EMathicaFormulaDisplayKit;
		};
		6B7E10332D00100100B20001 /* XCLocalSwiftPackageReference "../../SharedLibraries/EMathicaThemeKit" */ = {
			isa = XCLocalSwiftPackageReference;
			relativePath = ../../SharedLibraries/EMathicaThemeKit;
		};
		6B7E10432D00100100B20001 /* XCLocalSwiftPackageReference "../OpenMathInkDatasetCore" */ = {
			isa = XCLocalSwiftPackageReference;
			relativePath = ../OpenMathInkDatasetCore;
		};
/* End XCLocalSwiftPackageReference section */

/* Begin XCSwiftPackageProductDependency section */
		6B7E10022D00100100B20001 /* EMathicaMathInputCore */ = {
			isa = XCSwiftPackageProductDependency;
			package = 6B7E10032D00100100B20001 /* XCLocalSwiftPackageReference "../../SharedLibraries/EMathicaMathInputKit" */;
			productName = EMathicaMathInputCore;
		};
		6B7E10212D00100100B20001 /* EMathicaFormulaKeyboardCore */ = {
			isa = XCSwiftPackageProductDependency;
			package = 6B7E10312D00100100B20001 /* XCLocalSwiftPackageReference "../../SharedLibraries/EMathicaFormulaKeyboardKit" */;
			productName = EMathicaFormulaKeyboardCore;
		};
		6B7E10222D00100100B20001 /* EMathicaFormulaKeyboardBuiltin */ = {
			isa = XCSwiftPackageProductDependency;
			package = 6B7E10312D00100100B20001 /* XCLocalSwiftPackageReference "../../SharedLibraries/EMathicaFormulaKeyboardKit" */;
			productName = EMathicaFormulaKeyboardBuiltin;
		};
		6B7E10232D00100100B20001 /* EMathicaFormulaKeyboardRendering */ = {
			isa = XCSwiftPackageProductDependency;
			package = 6B7E10312D00100100B20001 /* XCLocalSwiftPackageReference "../../SharedLibraries/EMathicaFormulaKeyboardKit" */;
			productName = EMathicaFormulaKeyboardRendering;
		};
		6B7E10242D00100100B20001 /* EMathicaFormulaKeyboardSwiftUI */ = {
			isa = XCSwiftPackageProductDependency;
			package = 6B7E10312D00100100B20001 /* XCLocalSwiftPackageReference "../../SharedLibraries/EMathicaFormulaKeyboardKit" */;
			productName = EMathicaFormulaKeyboardSwiftUI;
		};
		6B7E10252D00100100B20001 /* EMathicaFormulaDisplayCore */ = {
			isa = XCSwiftPackageProductDependency;
			package = 6B7E10322D00100100B20001 /* XCLocalSwiftPackageReference "../../SharedLibraries/EMathicaFormulaDisplayKit" */;
			productName = EMathicaFormulaDisplayCore;
		};
		6B7E10262D00100100B20001 /* EMathicaFormulaDisplaySwiftUI */ = {
			isa = XCSwiftPackageProductDependency;
			package = 6B7E10322D00100100B20001 /* XCLocalSwiftPackageReference "../../SharedLibraries/EMathicaFormulaDisplayKit" */;
			productName = EMathicaFormulaDisplaySwiftUI;
		};
		6B7E10272D00100100B20001 /* EMathicaThemeKit */ = {
			isa = XCSwiftPackageProductDependency;
			package = 6B7E10332D00100100B20001 /* XCLocalSwiftPackageReference "../../SharedLibraries/EMathicaThemeKit" */;
			productName = EMathicaThemeKit;
		};
		6B7E10422D00100100B20001 /* OpenMathInkDatasetCore */ = {
			isa = XCSwiftPackageProductDependency;
			package = 6B7E10432D00100100B20001 /* XCLocalSwiftPackageReference "../OpenMathInkDatasetCore" */;
			productName = OpenMathInkDatasetCore;
		};
		6B7E20212D00100100B20001 /* EMathicaMathInputCore */ = {
			isa = XCSwiftPackageProductDependency;
			package = 6B7E10032D00100100B20001 /* XCLocalSwiftPackageReference "../../SharedLibraries/EMathicaMathInputKit" */;
			productName = EMathicaMathInputCore;
		};
		6B7E20222D00100100B20001 /* EMathicaFormulaKeyboardCore */ = {
			isa = XCSwiftPackageProductDependency;
			package = 6B7E10312D00100100B20001 /* XCLocalSwiftPackageReference "../../SharedLibraries/EMathicaFormulaKeyboardKit" */;
			productName = EMathicaFormulaKeyboardCore;
		};
		6B7E20232D00100100B20001 /* EMathicaFormulaKeyboardBuiltin */ = {
			isa = XCSwiftPackageProductDependency;
			package = 6B7E10312D00100100B20001 /* XCLocalSwiftPackageReference "../../SharedLibraries/EMathicaFormulaKeyboardKit" */;
			productName = EMathicaFormulaKeyboardBuiltin;
		};
		6B7E20242D00100100B20001 /* EMathicaFormulaKeyboardSwiftUI */ = {
			isa = XCSwiftPackageProductDependency;
			package = 6B7E10312D00100100B20001 /* XCLocalSwiftPackageReference "../../SharedLibraries/EMathicaFormulaKeyboardKit" */;
			productName = EMathicaFormulaKeyboardSwiftUI;
		};
		6B7E20252D00100100B20001 /* EMathicaFormulaDisplayCore */ = {
			isa = XCSwiftPackageProductDependency;
			package = 6B7E10322D00100100B20001 /* XCLocalSwiftPackageReference "../../SharedLibraries/EMathicaFormulaDisplayKit" */;
			productName = EMathicaFormulaDisplayCore;
		};
/* End XCSwiftPackageProductDependency section */
	};
	rootObject = 3CBDE2EF2FBDAEA1001CAB2E /* Project object */;
}
